
Microsoft Visual Studio Solution File, Format Version 12.00
# Visual Studio 14
VisualStudioVersion = 14.0.25123.0
MinimumVisualStudioVersion = 10.0.40219.1
Project("{FAE04EC0-301F-11D3-BF4B-00C04F79EFBC}") = "NastedLoopsSimulation", "NastedLoopsSimulation\NastedLoopsSimulation.csproj", "{F024C41D-53AB-41D0-9909-38AA0D4C8DB7}"
EndProject
Project("{FAE04EC0-301F-11D3-BF4B-00C04F79EFBC}") = "CombinationsWithDuplicates", "CombinationsWithDuplicates\CombinationsWithDuplicates.csproj", "{A5C44BF6-935F-44C5-9641-46419E685DE3}"
EndProject
Project("{FAE04EC0-301F-11D3-BF4B-00C04F79EFBC}") = "CombinationsWithoutDuplicates", "CombinationsWithoutDuplicates\CombinationsWithoutDuplicates.csproj", "{302BF49E-D275-4D89-85AF-2C93FD144603}"
EndProject
Project("{FAE04EC0-301F-11D3-BF4B-00C04F79EFBC}") = "Permutations", "Permutations\Permutations.csproj", "{93CC02C2-9F1B-4DB2-98F8-50B6832FAB27}"
EndProject
Global
	GlobalSection(SolutionConfigurationPlatforms) = preSolution
		Debug|Any CPU = Debug|Any CPU
		Release|Any CPU = Release|Any CPU
	EndGlobalSection
	GlobalSection(ProjectConfigurationPlatforms) = postSolution
		{F024C41D-53AB-41D0-9909-38AA0D4C8DB7}.Debug|Any CPU.ActiveCfg = Debug|Any CPU
		{F024C41D-53AB-41D0-9909-38AA0D4C8DB7}.Debug|Any CPU.Build.0 = Debug|Any CPU
		{F024C41D-53AB-41D0-9909-38AA0D4C8DB7}.Release|Any CPU.ActiveCfg = Release|Any CPU
		{F024C41D-53AB-41D0-9909-38AA0D4C8DB7}.Release|Any CPU.Build.0 = Release|Any CPU
		{A5C44BF6-935F-44C5-9641-46419E685DE3}.Debug|Any CPU.ActiveCfg = Debug|Any CPU
		{A5C44BF6-935F-44C5-9641-46419E685DE3}.Debug|Any CPU.Build.0 = Debug|Any CPU
		{A5C44BF6-935F-44C5-9641-46419E685DE3}.Release|Any CPU.ActiveCfg = Release|Any CPU
		{A5C44BF6-935F-44C5-9641-46419E685DE3}.Release|Any CPU.Build.0 = Release|Any CPU
		{302BF49E-D275-4D89-85AF-2C93FD144603}.Debug|Any CPU.ActiveCfg = Debug|Any CPU
		{302BF49E-D275-4D89-85AF-2C93FD144603}.Debug|Any CPU.Build.0 = Debug|Any CPU
		{302BF49E-D275-4D89-85AF-2C93FD144603}.Release|Any CPU.ActiveCfg = Release|Any CPU
		{302BF49E-D275-4D89-85AF-2C93FD144603}.Release|Any CPU.Build.0 = Release|Any CPU
		{93CC02C2-9F1B-4DB2-98F8-50B6832FAB27}.Debug|Any CPU.ActiveCfg = Debug|Any CPU
		{93CC02C2-9F1B-4DB2-98F8-50B6832FAB27}.Debug|Any CPU.Build.0 = Debug|Any CPU
		{93CC02C2-9F1B-4DB2-98F8-50B6832FAB27}.Release|Any CPU.ActiveCfg = Release|Any CPU
		{93CC02C2-9F1B-4DB2-98F8-50B6832FAB27}.Release|Any CPU.Build.0 = Release|Any CPU
	EndGlobalSection
	GlobalSection(SolutionProperties) = preSolution
		HideSolutionNode = FALSE
	EndGlobalSection
EndGlobal
